# This file was autogenerated by uv via the following command:
#    uv pip compile requirements-dev.txt ingesta/requirements.txt --universal --python-version 3.12 --torch-backend cpu -o requirements.lock
accelerate==1.15.0
    # via
    #   docling-slim
    #   flagembedding
    #   peft
aiohappyeyeballs==2.7.1
    # via aiohttp
aiohttp==3.14.3
    # via
    #   fsspec
    #   kubernetes
    #   llama-index-core
aiosignal==1.4.0
    # via aiohttp
aiosqlite==0.22.1
    # via llama-index-core
annotated-doc==0.0.5
    # via
    #   fastapi
    #   typer
annotated-types==0.8.0
    # via pydantic
antlr4-python3-runtime==4.9.3
    # via omegaconf
anyio==4.15.1
    # via
    #   httpx
    #   httpx2
    #   openai
    #   starlette
    #   watchfiles
asyncpg==0.31.0
    # via llama-index-vector-stores-postgres
attrs==26.1.0
    # via
    #   aiohttp
    #   jsonschema
    #   referencing
banks==2.5.1
    # via llama-index-core
bcrypt==5.0.0
    # via chromadb
beautifulsoup4==4.15.0
    # via docling-slim
build==1.6.1
    # via chromadb
certifi==2026.7.22
    # via
    #   docling-slim
    #   httpcore
    #   httpx
    #   kubernetes
    #   requests
cffi==2.1.1 ; platform_python_implementation != 'PyPy' and sys_platform == 'linux'
    # via cryptography
charset-normalizer==3.5.2
    # via requests
chromadb==1.5.9
    # via
    #   -r backend/requirements.txt
    #   -r ingesta/../backend/requirements.txt
    #   llama-index-vector-stores-chroma
click==8.5.0
    # via
    #   huggingface-hub
    #   nltk
    #   python-oxmsg
    #   uvicorn
cloudpickle==3.1.2
    # via joblib
colorama==0.4.6
    # via
    #   build
    #   colorlog
    #   griffecli
    #   pytest
    #   tqdm
    #   typer
colorlog==6.12.0
    # via rapidocr
cryptography==50.0.2 ; sys_platform == 'linux'
    # via secretstorage
dataclasses-json==0.6.7
    # via llama-index-core
datasets==5.0.1
    # via flagembedding
defusedxml==0.7.1
    # via
    #   docling-core
    #   docling-slim
    #   nltk
deprecated==3.0.0
    # via
    #   banks
    #   llama-index-core
    #   llama-index-instrumentation
dill==0.4.1
    # via
    #   datasets
    #   multiprocess
dirtyjson==1.0.8
    # via llama-index-core
distro==1.9.0
    # via openai
doclang==0.7.3
    # via docling-core
docling==2.132.0
    # via
    #   -r backend/requirements.txt
    #   -r ingesta/../backend/requirements.txt
docling-core==2.99.0
    # via
    #   docling-parse
    #   docling-slim
docling-ibm-models==4.0.3
    # via docling-slim
docling-parse==7.22.1
    # via docling-slim
docling-slim==2.132.0
    # via docling
durationpy==0.11
    # via kubernetes
et-xmlfile==2.0.0
    # via openpyxl
faker==40.40.0
    # via polyfactory
fastapi==0.142.2
    # via
    #   -r backend/requirements.txt
    #   -r ingesta/../backend/requirements.txt
filelock==4.0.9
    # via
    #   datasets
    #   huggingface-hub
    #   torch
filetype==1.2.0
    # via
    #   banks
    #   docling-slim
    #   llama-index-core
flagembedding==1.4.2
    # via
    #   -r backend/requirements.txt
    #   -r ingesta/../backend/requirements.txt
flatbuffers==25.12.19
    # via onnxruntime
frozenlist==1.8.0
    # via
    #   aiohttp
    #   aiosignal
fsspec==2026.6.0
    # via
    #   datasets
    #   huggingface-hub
    #   llama-index-core
    #   torch
googleapis-common-protos==1.75.5
    # via opentelemetry-exporter-otlp-proto-grpc
greenlet==3.5.6
    # via sqlalchemy
griffe==2.3.0
    # via banks
griffecli==2.3.0
    # via griffe
griffelib==2.3.0
    # via
    #   griffe
    #   griffecli
grpcio==1.84.0
    # via
    #   chromadb
    #   opentelemetry-exporter-otlp-proto-grpc
h11==0.16.0
    # via
    #   httpcore
    #   httpcore2
    #   uvicorn
hf-xet==1.6.0 ; platform_machine == 'AMD64' or platform_machine == 'aarch64' or platform_machine == 'amd64' or platform_machine == 'arm64' or platform_machine == 'x86_64'
    # via huggingface-hub
httpcore==1.0.9
    # via httpx
httpcore2==2.13.1 ; sys_platform != 'emscripten'
    # via httpx2
httptools==0.8.0
    # via uvicorn
httpx==0.28.1
    # via
    #   chromadb
    #   datasets
    #   docling-slim
    #   huggingface-hub
    #   llama-index-core
    #   ollama
    #   openai
httpx2==2.13.1
    # via -r requirements-dev.txt
httpx2-jsfetch==1.0 ; sys_platform == 'emscripten'
    # via httpx2
huggingface-hub==1.33.0
    # via
    #   accelerate
    #   datasets
    #   docling-ibm-models
    #   docling-slim
    #   peft
    #   sentence-transformers
    #   tokenizers
    #   transformers
idna==3.20
    # via
    #   anyio
    #   httpx
    #   httpx2
    #   requests
    #   yarl
importlib-resources==7.1.0
    # via chromadb
iniconfig==2.3.0
    # via pytest
ir-datasets==0.6.3
    # via flagembedding
jaraco-classes==3.4.0
    # via keyring
jaraco-context==6.1.2
    # via keyring
jaraco-functools==4.6.0
    # via keyring
jeepney==0.9.0 ; sys_platform == 'linux'
    # via
    #   keyring
    #   secretstorage
jinja2==3.1.6
    # via
    #   banks
    #   torch
jiter==0.17.0
    # via openai
joblib==1.6.0
    # via
    #   nltk
    #   scikit-learn
jsonref==1.1.0
    # via docling-core
jsonschema==4.26.0
    # via
    #   chromadb
    #   docling-core
jsonschema-specifications==2025.9.1
    # via jsonschema
keyring==25.7.0
    # via
    #   -r backend/requirements.txt
    #   -r ingesta/../backend/requirements.txt
kubernetes==36.0.3
    # via chromadb
langcodes==3.5.1
    # via docling-slim
latex2mathml==3.81.1
    # via docling-core
llama-index-core==0.14.25
    # via
    #   -r backend/requirements.txt
    #   -r ingesta/../backend/requirements.txt
    #   llama-index-llms-ollama
    #   llama-index-llms-openai
    #   llama-index-llms-openai-like
    #   llama-index-vector-stores-chroma
    #   llama-index-vector-stores-postgres
llama-index-instrumentation==0.6.0
    # via llama-index-workflows
llama-index-llms-ollama==0.11.0
    # via
    #   -r backend/requirements.txt
    #   -r ingesta/../backend/requirements.txt
llama-index-llms-openai==0.8.2
    # via llama-index-llms-openai-like
llama-index-llms-openai-like==0.8.1
    # via
    #   -r backend/requirements.txt
    #   -r ingesta/../backend/requirements.txt
llama-index-vector-stores-chroma==0.6.0
    # via
    #   -r backend/requirements.txt
    #   -r ingesta/../backend/requirements.txt
llama-index-vector-stores-postgres==0.9.0
    # via
    #   -r backend/requirements.txt
    #   -r ingesta/../backend/requirements.txt
llama-index-workflows==2.25.0
    # via llama-index-core
lxml==6.1.3
    # via
    #   doclang
    #   ir-datasets
    #   python-docx
    #   python-pptx
lz4==4.4.5
    # via ir-datasets
mail-parser==4.8.0
    # via docling-slim
markdown-it-py==4.2.0
    # via rich
marko==2.2.4
    # via docling-slim
markupsafe==3.0.3
    # via jinja2
marshmallow==3.26.2
    # via dataclasses-json
mdurl==0.1.2
    # via markdown-it-py
mmh3==5.3.1
    # via chromadb
more-itertools==11.1.0
    # via
    #   jaraco-classes
    #   jaraco-functools
mpire==2.10.2
    # via semchunk
mpmath==1.3.0
    # via sympy
multidict==6.9.1
    # via
    #   aiohttp
    #   yarl
multiprocess==0.70.19
    # via
    #   datasets
    #   mpire
mypy-extensions==1.1.0
    # via typing-inspect
narwhals==2.26.0
    # via scikit-learn
nest-asyncio==1.6.0
    # via llama-index-core
networkx==3.7
    # via
    #   llama-index-core
    #   torch
nltk==3.10.3
    # via llama-index-core
numpy==2.5.3
    # via
    #   accelerate
    #   chromadb
    #   datasets
    #   docling-ibm-models
    #   docling-slim
    #   ir-datasets
    #   llama-index-core
    #   onnxruntime
    #   opencv-python
    #   pandas
    #   peft
    #   rapidocr
    #   safetensors
    #   scikit-learn
    #   scipy
    #   sentence-transformers
    #   shapely
    #   torchvision
    #   transformers
oauthlib==4.0.0
    # via requests-oauthlib
olefile==0.47
    # via python-oxmsg
ollama==0.6.3
    # via llama-index-llms-ollama
omegaconf==2.3.1
    # via rapidocr
onnxruntime==1.30.0
    # via chromadb
openai==2.54.0
    # via llama-index-llms-openai
opencv-python==5.0.0.93
    # via rapidocr
openpyxl==3.1.5
    # via docling-slim
opentelemetry-api==1.45.0
    # via
    #   chromadb
    #   fastapi
    #   opentelemetry-exporter-otlp-proto-grpc
    #   opentelemetry-sdk
    #   opentelemetry-semantic-conventions
opentelemetry-exporter-otlp-common==0.66b0
    # via opentelemetry-exporter-otlp-proto-grpc
opentelemetry-exporter-otlp-proto-common==1.45.0
    # via opentelemetry-exporter-otlp-proto-grpc
opentelemetry-exporter-otlp-proto-grpc==1.45.0
    # via chromadb
opentelemetry-proto==1.45.0
    # via
    #   opentelemetry-exporter-otlp-proto-common
    #   opentelemetry-exporter-otlp-proto-grpc
opentelemetry-sdk==1.45.0
    # via
    #   chromadb
    #   opentelemetry-exporter-otlp-common
    #   opentelemetry-exporter-otlp-proto-grpc
opentelemetry-semantic-conventions==0.66b0
    # via opentelemetry-sdk
orjson==3.12.0
    # via chromadb
overrides==7.7.0
    # via chromadb
packaging==26.3
    # via
    #   accelerate
    #   build
    #   datasets
    #   huggingface-hub
    #   marshmallow
    #   onnxruntime
    #   peft
    #   pytest
    #   transformers
pandas==3.0.6
    # via
    #   datasets
    #   docling-core
peft==0.21.2
    # via flagembedding
pgvector==0.5.0
    # via llama-index-vector-stores-postgres
pillow==12.3.0
    # via
    #   docling-core
    #   docling-ibm-models
    #   docling-parse
    #   docling-slim
    #   llama-index-core
    #   python-pptx
    #   rapidocr
    #   torchvision
platformdirs==4.12.2
    # via
    #   banks
    #   llama-index-core
pluggy==1.6.0
    # via
    #   docling-slim
    #   pytest
polyfactory==3.3.0
    # via docling-slim
propcache==0.5.4
    # via
    #   aiohttp
    #   yarl
protobuf==7.36.2
    # via
    #   flagembedding
    #   googleapis-common-protos
    #   onnxruntime
    #   opentelemetry-proto
psutil==7.2.2
    # via
    #   accelerate
    #   peft
psycopg2-binary==2.9.13
    # via llama-index-vector-stores-postgres
pyarrow==25.0.1
    # via datasets
pybase64==1.5.0
    # via chromadb
pyclipper==1.4.0
    # via rapidocr
pycparser==3.0 ; implementation_name != 'PyPy' and platform_python_implementation != 'PyPy' and sys_platform == 'linux'
    # via cffi
pydantic==2.13.5
    # via
    #   banks
    #   chromadb
    #   docling-core
    #   docling-parse
    #   docling-slim
    #   fastapi
    #   llama-index-core
    #   llama-index-instrumentation
    #   llama-index-workflows
    #   ollama
    #   openai
    #   pydantic-settings
pydantic-core==2.46.5
    # via pydantic
pydantic-settings==2.15.0
    # via
    #   chromadb
    #   docling-core
    #   docling-slim
pygments==2.21.0
    # via
    #   mpire
    #   pytest
    #   rich
pylatexenc==2.11
    # via docling-slim
pypdfium2==5.13.0
    # via docling-slim
pypika==0.51.1
    # via chromadb
pyproject-hooks==1.3.3
    # via build
pytest==9.1.1
    # via -r requirements-dev.txt
python-dateutil==2.9.0.post0
    # via
    #   kubernetes
    #   pandas
python-docx==1.2.0
    # via docling-slim
python-dotenv==1.2.4
    # via
    #   -r backend/requirements.txt
    #   -r ingesta/../backend/requirements.txt
    #   docling-slim
    #   pydantic-settings
    #   uvicorn
python-multipart==0.0.32
    # via
    #   -r backend/requirements.txt
    #   -r ingesta/../backend/requirements.txt
python-oxmsg==0.0.2
    # via docling-slim
python-pptx==1.0.2
    # via docling-slim
pywin32==312 ; sys_platform == 'win32'
    # via
    #   docling-parse
    #   mpire
pywin32-ctypes==0.2.3 ; sys_platform == 'win32'
    # via keyring
pyyaml==6.0.3
    # via
    #   -r ingesta/requirements.txt
    #   accelerate
    #   chromadb
    #   datasets
    #   docling-core
    #   huggingface-hub
    #   ir-datasets
    #   kubernetes
    #   llama-index-core
    #   omegaconf
    #   peft
    #   rapidocr
    #   transformers
    #   uvicorn
rapidocr==3.9.2
    # via docling-slim
referencing==0.37.0
    # via
    #   jsonschema
    #   jsonschema-specifications
regex==2026.9.29
    # via
    #   nltk
    #   tiktoken
    #   transformers
requests==2.34.2
    # via
    #   datasets
    #   docling-core
    #   docling-slim
    #   ir-datasets
    #   kubernetes
    #   llama-index-core
    #   rapidocr
    #   requests-oauthlib
    #   tiktoken
requests-oauthlib==2.0.0
    # via kubernetes
rich==15.0.0
    # via
    #   chromadb
    #   docling-slim
    #   typer
rpds-py==2026.6.3
    # via
    #   jsonschema
    #   referencing
rtree==1.4.1
    # via docling-slim
ruff==0.16.10
    # via -r requirements-dev.txt
safetensors==0.8.0
    # via
    #   accelerate
    #   docling-ibm-models
    #   peft
    #   transformers
scikit-learn==1.9.1
    # via sentence-transformers
scipy==1.18.1
    # via
    #   docling-slim
    #   scikit-learn
    #   sentence-transformers
secretstorage==3.5.0 ; sys_platform == 'linux'
    # via keyring
semchunk==3.2.5
    # via docling-core
sentence-transformers==6.1.0
    # via flagembedding
sentencepiece==0.2.2
    # via flagembedding
setuptools==84.0.0
    # via
    #   llama-index-core
    #   torch
shapely==2.1.2
    # via rapidocr
shellingham==1.5.4
    # via typer
six==1.17.0
    # via
    #   kubernetes
    #   python-dateutil
    #   rapidocr
sniffio==1.3.1
    # via openai
soupsieve==2.10
    # via beautifulsoup4
sqlalchemy==2.0.54
    # via
    #   llama-index-core
    #   llama-index-vector-stores-postgres
starlette==1.7.0
    # via fastapi
sympy==1.14.0
    # via torch
tabulate==0.10.0
    # via docling-core
tenacity==9.1.4
    # via
    #   chromadb
    #   llama-index-core
threadpoolctl==3.7.0
    # via scikit-learn
tiktoken==0.14.0
    # via llama-index-core
tinytag==2.3.2
    # via llama-index-core
tokenizers==0.23.2
    # via
    #   chromadb
    #   sentence-transformers
    #   transformers
torch==2.14.1 ; sys_platform == 'darwin'
    # via
    #   accelerate
    #   docling-ibm-models
    #   docling-slim
    #   flagembedding
    #   peft
    #   safetensors
    #   sentence-transformers
    #   torchvision
torch==2.14.1+cpu ; sys_platform != 'darwin'
    # via
    #   accelerate
    #   docling-ibm-models
    #   docling-slim
    #   flagembedding
    #   peft
    #   safetensors
    #   sentence-transformers
    #   torchvision
torchvision==0.29.1 ; sys_platform == 'darwin'
    # via
    #   docling-ibm-models
    #   docling-slim
torchvision==0.29.1+cpu ; sys_platform != 'darwin'
    # via
    #   docling-ibm-models
    #   docling-slim
tqdm==4.70.1
    # via
    #   chromadb
    #   datasets
    #   docling-slim
    #   huggingface-hub
    #   ir-datasets
    #   llama-index-core
    #   mpire
    #   nltk
    #   openai
    #   peft
    #   rapidocr
    #   semchunk
    #   sentence-transformers
    #   transformers
transformers==5.18.0
    # via
    #   docling-core
    #   docling-ibm-models
    #   flagembedding
    #   peft
    #   sentence-transformers
tree-sitter==0.26.0
    # via docling-core
tree-sitter-c==0.24.2
    # via docling-core
tree-sitter-javascript==0.25.0
    # via docling-core
tree-sitter-python==0.25.0
    # via docling-core
tree-sitter-typescript==0.23.2
    # via docling-core
truststore==0.10.4 ; sys_platform != 'emscripten'
    # via
    #   httpcore2
    #   httpx2
typer==0.26.8
    # via
    #   chromadb
    #   doclang
    #   docling-core
    #   docling-slim
    #   transformers
typing-extensions==4.16.0
    # via
    #   aiohttp
    #   aiosignal
    #   anyio
    #   beautifulsoup4
    #   chromadb
    #   docling-core
    #   fastapi
    #   grpcio
    #   httpx2
    #   huggingface-hub
    #   llama-index-core
    #   llama-index-workflows
    #   openai
    #   opentelemetry-api
    #   opentelemetry-exporter-otlp-proto-grpc
    #   opentelemetry-sdk
    #   opentelemetry-semantic-conventions
    #   polyfactory
    #   pydantic
    #   pydantic-core
    #   python-docx
    #   python-oxmsg
    #   python-pptx
    #   referencing
    #   sentence-transformers
    #   sqlalchemy
    #   starlette
    #   torch
    #   typing-inspect
    #   typing-inspection
typing-inspect==0.9.0
    # via
    #   dataclasses-json
    #   llama-index-core
typing-inspection==0.4.4
    # via
    #   fastapi
    #   pydantic
    #   pydantic-settings
tzdata==2026.5 ; sys_platform == 'emscripten' or sys_platform == 'win32'
    # via
    #   faker
    #   pandas
urllib3==2.8.0
    # via
    #   kubernetes
    #   requests
uvicorn==0.54.0
    # via
    #   -r backend/requirements.txt
    #   -r ingesta/../backend/requirements.txt
    #   chromadb
uvloop==0.23.0 ; platform_python_implementation != 'PyPy' and sys_platform != 'cygwin' and sys_platform != 'win32'
    # via uvicorn
watchfiles==1.3.0
    # via uvicorn
websocket-client==1.9.2
    # via kubernetes
websockets==16.1.1
    # via
    #   docling-slim
    #   uvicorn
wrapt==2.5.0
    # via
    #   deprecated
    #   llama-index-core
xlsxwriter==3.2.9
    # via python-pptx
xxhash==4.0.1
    # via datasets
yarl==1.25.1
    # via aiohttp
